
Microsoft Visual Studio Solution File, Format Version 12.00
# Visual Studio Version 16
VisualStudioVersion = 16.0.30330.147
MinimumVisualStudioVersion = 10.0.40219.1
Project("{FAE04EC0-301F-11D3-BF4B-00C04F79EFBC}") = "BackgroundService.Android", "BackgroundService\BackgroundService.Android\BackgroundService.Android.csproj", "{D50D43B7-E7B0-43C1-9987-16FC340BB12C}"
EndProject
Project("{FAE04EC0-301F-11D3-BF4B-00C04F79EFBC}") = "BackgroundService.iOS", "BackgroundService\BackgroundService.iOS\BackgroundService.iOS.csproj", "{E0018614-9F95-4209-8B2B-3B6B5E19AE77}"
EndProject
Project("{FAE04EC0-301F-11D3-BF4B-00C04F79EFBC}") = "BackgroundService", "BackgroundService\BackgroundService\BackgroundService.csproj", "{6C711671-5221-4835-8BAE-41C63C71381B}"
EndProject
Global
	GlobalSection(SolutionConfigurationPlatforms) = preSolution
		Debug|Any CPU = Debug|Any CPU
		Debug|iPhone = Debug|iPhone
		Debug|iPhoneSimulator = Debug|iPhoneSimulator
		Release|Any CPU = Release|Any CPU
		Release|iPhone = Release|iPhone
		Release|iPhoneSimulator = Release|iPhoneSimulator
	EndGlobalSection
	GlobalSection(ProjectConfigurationPlatforms) = postSolution
		{D50D43B7-E7B0-43C1-9987-16FC340BB12C}.Debug|Any CPU.ActiveCfg = Debug|Any CPU
		{D50D43B7-E7B0-43C1-9987-16FC340BB12C}.Debug|Any CPU.Build.0 = Debug|Any CPU
		{D50D43B7-E7B0-43C1-9987-16FC340BB12C}.Debug|Any CPU.Deploy.0 = Debug|Any CPU
		{D50D43B7-E7B0-43C1-9987-16FC340BB12C}.Debug|iPhone.ActiveCfg = Debug|Any CPU
		{D50D43B7-E7B0-43C1-9987-16FC340BB12C}.Debug|iPhone.Build.0 = Debug|Any CPU
		{D50D43B7-E7B0-43C1-9987-16FC340BB12C}.Debug|iPhone.Deploy.0 = Debug|Any CPU
		{D50D43B7-E7B0-43C1-9987-16FC340BB12C}.Debug|iPhoneSimulator.ActiveCfg = Debug|Any CPU
		{D50D43B7-E7B0-43C1-9987-16FC340BB12C}.Debug|iPhoneSimulator.Build.0 = Debug|Any CPU
		{D50D43B7-E7B0-43C1-9987-16FC340BB12C}.Debug|iPhoneSimulator.Deploy.0 = Debug|Any CPU
		{D50D43B7-E7B0-43C1-9987-16FC340BB12C}.Release|Any CPU.ActiveCfg = Release|Any CPU
		{D50D43B7-E7B0-43C1-9987-16FC340BB12C}.Release|Any CPU.Build.0 = Release|Any CPU
		{D50D43B7-E7B0-43C1-9987-16FC340BB12C}.Release|Any CPU.Deploy.0 = Release|Any CPU
		{D50D43B7-E7B0-43C1-9987-16FC340BB12C}.Release|iPhone.ActiveCfg = Release|Any CPU
		{D50D43B7-E7B0-43C1-9987-16FC340BB12C}.Release|iPhone.Build.0 = Release|Any CPU
		{D50D43B7-E7B0-43C1-9987-16FC340BB12C}.Release|iPhone.Deploy.0 = Release|Any CPU
		{D50D43B7-E7B0-43C1-9987-16FC340BB12C}.Release|iPhoneSimulator.ActiveCfg = Release|Any CPU
		{D50D43B7-E7B0-43C1-9987-16FC340BB12C}.Release|iPhoneSimulator.Build.0 = Release|Any CPU
		{D50D43B7-E7B0-43C1-9987-16FC340BB12C}.Release|iPhoneSimulator.Deploy.0 = Release|Any CPU
		{E0018614-9F95-4209-8B2B-3B6B5E19AE77}.Debug|Any CPU.ActiveCfg = Debug|iPhone
		{E0018614-9F95-4209-8B2B-3B6B5E19AE77}.Debug|Any CPU.Build.0 = Debug|iPhone
		{E0018614-9F95-4209-8B2B-3B6B5E19AE77}.Debug|Any CPU.Deploy.0 = Debug|iPhone
		{E0018614-9F95-4209-8B2B-3B6B5E19AE77}.Debug|iPhone.ActiveCfg = Debug|iPhone
		{E0018614-9F95-4209-8B2B-3B6B5E19AE77}.Debug|iPhone.Build.0 = Debug|iPhone
		{E0018614-9F95-4209-8B2B-3B6B5E19AE77}.Debug|iPhone.Deploy.0 = Debug|iPhone
		{E0018614-9F95-4209-8B2B-3B6B5E19AE77}.Debug|iPhoneSimulator.ActiveCfg = Debug|iPhoneSimulator
		{E0018614-9F95-4209-8B2B-3B6B5E19AE77}.Debug|iPhoneSimulator.Build.0 = Debug|iPhoneSimulator
		{E0018614-9F95-4209-8B2B-3B6B5E19AE77}.Debug|iPhoneSimulator.Deploy.0 = Debug|iPhoneSimulator
		{E0018614-9F95-4209-8B2B-3B6B5E19AE77}.Release|Any CPU.ActiveCfg = Release|iPhone
		{E0018614-9F95-4209-8B2B-3B6B5E19AE77}.Release|Any CPU.Build.0 = Release|iPhone
		{E0018614-9F95-4209-8B2B-3B6B5E19AE77}.Release|Any CPU.Deploy.0 = Release|iPhone
		{E0018614-9F95-4209-8B2B-3B6B5E19AE77}.Release|iPhone.ActiveCfg = Release|iPhone
		{E0018614-9F95-4209-8B2B-3B6B5E19AE77}.Release|iPhone.Build.0 = Release|iPhone
		{E0018614-9F95-4209-8B2B-3B6B5E19AE77}.Release|iPhone.Deploy.0 = Release|iPhone
		{E0018614-9F95-4209-8B2B-3B6B5E19AE77}.Release|iPhoneSimulator.ActiveCfg = Release|iPhoneSimulator
		{E0018614-9F95-4209-8B2B-3B6B5E19AE77}.Release|iPhoneSimulator.Build.0 = Release|iPhoneSimulator
		{E0018614-9F95-4209-8B2B-3B6B5E19AE77}.Release|iPhoneSimulator.Deploy.0 = Release|iPhoneSimulator
		{6C711671-5221-4835-8BAE-41C63C71381B}.Debug|Any CPU.ActiveCfg = Debug|Any CPU
		{6C711671-5221-4835-8BAE-41C63C71381B}.Debug|Any CPU.Build.0 = Debug|Any CPU
		{6C711671-5221-4835-8BAE-41C63C71381B}.Debug|Any CPU.Deploy.0 = Debug|Any CPU
		{6C711671-5221-4835-8BAE-41C63C71381B}.Debug|iPhone.ActiveCfg = Debug|Any CPU
		{6C711671-5221-4835-8BAE-41C63C71381B}.Debug|iPhone.Build.0 = Debug|Any CPU
		{6C711671-5221-4835-8BAE-41C63C71381B}.Debug|iPhone.Deploy.0 = Debug|Any CPU
		{6C711671-5221-4835-8BAE-41C63C71381B}.Debug|iPhoneSimulator.ActiveCfg = Debug|Any CPU
		{6C711671-5221-4835-8BAE-41C63C71381B}.Debug|iPhoneSimulator.Build.0 = Debug|Any CPU
		{6C711671-5221-4835-8BAE-41C63C71381B}.Debug|iPhoneSimulator.Deploy.0 = Debug|Any CPU
		{6C711671-5221-4835-8BAE-41C63C71381B}.Release|Any CPU.ActiveCfg = Release|Any CPU
		{6C711671-5221-4835-8BAE-41C63C71381B}.Release|Any CPU.Build.0 = Release|Any CPU
		{6C711671-5221-4835-8BAE-41C63C71381B}.Release|Any CPU.Deploy.0 = Release|Any CPU
		{6C711671-5221-4835-8BAE-41C63C71381B}.Release|iPhone.ActiveCfg = Release|Any CPU
		{6C711671-5221-4835-8BAE-41C63C71381B}.Release|iPhone.Build.0 = Release|Any CPU
		{6C711671-5221-4835-8BAE-41C63C71381B}.Release|iPhone.Deploy.0 = Release|Any CPU
		{6C711671-5221-4835-8BAE-41C63C71381B}.Release|iPhoneSimulator.ActiveCfg = Release|Any CPU
		{6C711671-5221-4835-8BAE-41C63C71381B}.Release|iPhoneSimulator.Build.0 = Release|Any CPU
		{6C711671-5221-4835-8BAE-41C63C71381B}.Release|iPhoneSimulator.Deploy.0 = Release|Any CPU
	EndGlobalSection
	GlobalSection(SolutionProperties) = preSolution
		HideSolutionNode = FALSE
	EndGlobalSection
	GlobalSection(ExtensibilityGlobals) = postSolution
		SolutionGuid = {DE73D7FE-E628-4E35-8EBE-00CC1E3D1661}
	EndGlobalSection
EndGlobal
